// !$*UTF8*$!
{
	archiveVersion = 1;
	classes = {
	};
	objectVersion = 50;
	objects = {

/* Begin PBXBuildFile section */
		0515B4EA24394D5200FAA8D0 /* UserInfoVS.swift in Sources */ = {isa = PBXBuildFile; fileRef = 0515B4E924394D5200FAA8D0 /* UserInfoVS.swift */; };
		0522953923C2ACA100A19016 /* AppDelegate.swift in Sources */ = {isa = PBXBuildFile; fileRef = 0522953823C2ACA100A19016 /* AppDelegate.swift */; };
		0522953B23C2ACA100A19016 /* SceneDelegate.swift in Sources */ = {isa = PBXBuildFile; fileRef = 0522953A23C2ACA100A19016 /* SceneDelegate.swift */; };
		0522954223C2ACA300A19016 /* Assets.xcassets in Resources */ = {isa = PBXBuildFile; fileRef = 0522954123C2ACA300A19016 /* Assets.xcassets */; };
		0522954523C2ACA300A19016 /* LaunchScreen.storyboard in Resources */ = {isa = PBXBuildFile; fileRef = 0522954323C2ACA300A19016 /* LaunchScreen.storyboard */; };
		0522954D23C2B48200A19016 /* SearchViC.swift in Sources */ = {isa = PBXBuildFile; fileRef = 0522954C23C2B48200A19016 /* SearchViC.swift */; };
		0522954F23C2B53C00A19016 /* FavoritesVC.swift in Sources */ = {isa = PBXBuildFile; fileRef = 0522954E23C2B53C00A19016 /* FavoritesVC.swift */; };
		057AC06C24369117001970E1 /* GFEmptyStateView.swift in Sources */ = {isa = PBXBuildFile; fileRef = 057AC06B24369117001970E1 /* GFEmptyStateView.swift */; };
		05BF53A323D52AB600C70AC8 /* GFButton.swift in Sources */ = {isa = PBXBuildFile; fileRef = 05BF53A223D52AB600C70AC8 /* GFButton.swift */; };
		05BF53A523D52AF700C70AC8 /* GFTextField.swift in Sources */ = {isa = PBXBuildFile; fileRef = 05BF53A423D52AF700C70AC8 /* GFTextField.swift */; };
		05BF53A723D5389400C70AC8 /* FollowerListVC.swift in Sources */ = {isa = PBXBuildFile; fileRef = 05BF53A623D5389400C70AC8 /* FollowerListVC.swift */; };
		05C307AE23DE231800382F5B /* NetworkingManager.swift in Sources */ = {isa = PBXBuildFile; fileRef = 05C307AD23DE231800382F5B /* NetworkingManager.swift */; };
		05C307B123DE237A00382F5B /* Follower.swift in Sources */ = {isa = PBXBuildFile; fileRef = 05C307B023DE237A00382F5B /* Follower.swift */; };
		05C307B323DE23A400382F5B /* User.swift in Sources */ = {isa = PBXBuildFile; fileRef = 05C307B223DE23A400382F5B /* User.swift */; };
		05C307BA23DE5BCB00382F5B /* GFAlertVC.swift in Sources */ = {isa = PBXBuildFile; fileRef = 05C307B923DE5BCB00382F5B /* GFAlertVC.swift */; };
		05C307BC23DE5C0B00382F5B /* GFTitleLabel.swift in Sources */ = {isa = PBXBuildFile; fileRef = 05C307BB23DE5C0B00382F5B /* GFTitleLabel.swift */; };
		05C307BE23DE5C3800382F5B /* GFBodyLabel.swift in Sources */ = {isa = PBXBuildFile; fileRef = 05C307BD23DE5C3800382F5B /* GFBodyLabel.swift */; };
		05C307C023DE67E300382F5B /* UIVIewController+Ext.swift in Sources */ = {isa = PBXBuildFile; fileRef = 05C307BF23DE67E300382F5B /* UIVIewController+Ext.swift */; };
		05C307C323DE6C8700382F5B /* FollowerCell.swift in Sources */ = {isa = PBXBuildFile; fileRef = 05C307C223DE6C8700382F5B /* FollowerCell.swift */; };
		05C307C523DE6CBB00382F5B /* GFAvatarImageView.swift in Sources */ = {isa = PBXBuildFile; fileRef = 05C307C423DE6CBB00382F5B /* GFAvatarImageView.swift */; };
		05DB3C4023C43E3600626C41 /* ErrorMessage.swift in Sources */ = {isa = PBXBuildFile; fileRef = 05DB3C3F23C43E3600626C41 /* ErrorMessage.swift */; };
		05EA37C023FA32FB009C8676 /* UIHelper.swift in Sources */ = {isa = PBXBuildFile; fileRef = 05EA37BF23FA32FB009C8676 /* UIHelper.swift */; };
/* End PBXBuildFile section */

/* Begin PBXFileReference section */
		0515B4E924394D5200FAA8D0 /* UserInfoVS.swift */ = {isa = PBXFileReference; lastKnownFileType = sourcecode.swift; path = UserInfoVS.swift; sourceTree = "<group>"; };
		0522953523C2ACA100A19016 /* GHFollowers.app */ = {isa = PBXFileReference; explicitFileType = wrapper.application; includeInIndex = 0; path = GHFollowers.app; sourceTree = BUILT_PRODUCTS_DIR; };
		0522953823C2ACA100A19016 /* AppDelegate.swift */ = {isa = PBXFileReference; lastKnownFileType = sourcecode.swift; path = AppDelegate.swift; sourceTree = "<group>"; };
		0522953A23C2ACA100A19016 /* SceneDelegate.swift */ = {isa = PBXFileReference; lastKnownFileType = sourcecode.swift; path = SceneDelegate.swift; sourceTree = "<group>"; };
		0522954123C2ACA300A19016 /* Assets.xcassets */ = {isa = PBXFileReference; lastKnownFileType = folder.assetcatalog; path = Assets.xcassets; sourceTree = "<group>"; };
		0522954423C2ACA300A19016 /* Base */ = {isa = PBXFileReference; lastKnownFileType = file.storyboard; name = Base; path = Base.lproj/LaunchScreen.storyboard; sourceTree = "<group>"; };
		0522954623C2ACA300A19016 /* Info.plist */ = {isa = PBXFileReference; lastKnownFileType = text.plist.xml; path = Info.plist; sourceTree = "<group>"; };
		0522954C23C2B48200A19016 /* SearchViC.swift */ = {isa = PBXFileReference; lastKnownFileType = sourcecode.swift; path = SearchViC.swift; sourceTree = "<group>"; };
		0522954E23C2B53C00A19016 /* FavoritesVC.swift */ = {isa = PBXFileReference; lastKnownFileType = sourcecode.swift; path = FavoritesVC.swift; sourceTree = "<group>"; };
		057AC06B24369117001970E1 /* GFEmptyStateView.swift */ = {isa = PBXFileReference; lastKnownFileType = sourcecode.swift; path = GFEmptyStateView.swift; sourceTree = "<group>"; };
		05BF53A223D52AB600C70AC8 /* GFButton.swift */ = {isa = PBXFileReference; lastKnownFileType = sourcecode.swift; path = GFButton.swift; sourceTree = "<group>"; };
		05BF53A423D52AF700C70AC8 /* GFTextField.swift */ = {isa = PBXFileReference; lastKnownFileType = sourcecode.swift; path = GFTextField.swift; sourceTree = "<group>"; };
		05BF53A623D5389400C70AC8 /* FollowerListVC.swift */ = {isa = PBXFileReference; lastKnownFileType = sourcecode.swift; path = FollowerListVC.swift; sourceTree = "<group>"; };
		05C307AD23DE231800382F5B /* NetworkingManager.swift */ = {isa = PBXFileReference; lastKnownFileType = sourcecode.swift; path = NetworkingManager.swift; sourceTree = "<group>"; };
		05C307B023DE237A00382F5B /* Follower.swift */ = {isa = PBXFileReference; lastKnownFileType = sourcecode.swift; path = Follower.swift; sourceTree = "<group>"; };
		05C307B223DE23A400382F5B /* User.swift */ = {isa = PBXFileReference; lastKnownFileType = sourcecode.swift; path = User.swift; sourceTree = "<group>"; };
		05C307B923DE5BCB00382F5B /* GFAlertVC.swift */ = {isa = PBXFileReference; lastKnownFileType = sourcecode.swift; path = GFAlertVC.swift; sourceTree = "<group>"; };
		05C307BB23DE5C0B00382F5B /* GFTitleLabel.swift */ = {isa = PBXFileReference; lastKnownFileType = sourcecode.swift; path = GFTitleLabel.swift; sourceTree = "<group>"; };
		05C307BD23DE5C3800382F5B /* GFBodyLabel.swift */ = {isa = PBXFileReference; lastKnownFileType = sourcecode.swift; path = GFBodyLabel.swift; sourceTree = "<group>"; };
		05C307BF23DE67E300382F5B /* UIVIewController+Ext.swift */ = {isa = PBXFileReference; lastKnownFileType = sourcecode.swift; path = "UIVIewController+Ext.swift"; sourceTree = "<group>"; };
		05C307C223DE6C8700382F5B /* FollowerCell.swift */ = {isa = PBXFileReference; lastKnownFileType = sourcecode.swift; path = FollowerCell.swift; sourceTree = "<group>"; };
		05C307C423DE6CBB00382F5B /* GFAvatarImageView.swift */ = {isa = PBXFileReference; lastKnownFileType = sourcecode.swift; path = GFAvatarImageView.swift; sourceTree = "<group>"; };
		05DB3C3F23C43E3600626C41 /* ErrorMessage.swift */ = {isa = PBXFileReference; lastKnownFileType = sourcecode.swift; path = ErrorMessage.swift; sourceTree = "<group>"; };
		05EA37BF23FA32FB009C8676 /* UIHelper.swift */ = {isa = PBXFileReference; lastKnownFileType = sourcecode.swift; path = UIHelper.swift; sourceTree = "<group>"; };
/* End PBXFileReference section */

/* Begin PBXFrameworksBuildPhase section */
		0522953223C2ACA100A19016 /* Frameworks */ = {
			isa = PBXFrameworksBuildPhase;
			buildActionMask = 2147483647;
			files = (
			);
			runOnlyForDeploymentPostprocessing = 0;
		};
/* End PBXFrameworksBuildPhase section */

/* Begin PBXGroup section */
		0522952C23C2ACA100A19016 = {
			isa = PBXGroup;
			children = (
				0522953723C2ACA100A19016 /* GHFollowers */,
				0522953623C2ACA100A19016 /* Products */,
			);
			sourceTree = "<group>";
		};
		0522953623C2ACA100A19016 /* Products */ = {
			isa = PBXGroup;
			children = (
				0522953523C2ACA100A19016 /* GHFollowers.app */,
			);
			name = Products;
			sourceTree = "<group>";
		};
		0522953723C2ACA100A19016 /* GHFollowers */ = {
			isa = PBXGroup;
			children = (
				05C307B723DE5AA000382F5B /* CustomViews */,
				05C307B623DE5A8E00382F5B /* Extensions */,
				05C307B523DE5A6900382F5B /* Managers */,
				05C307B423DE5A4800382F5B /* Utilities */,
				05C307AF23DE233500382F5B /* Models */,
				0522953823C2ACA100A19016 /* AppDelegate.swift */,
				0522953A23C2ACA100A19016 /* SceneDelegate.swift */,
				0522954123C2ACA300A19016 /* Assets.xcassets */,
				0522954323C2ACA300A19016 /* LaunchScreen.storyboard */,
				0522954623C2ACA300A19016 /* Info.plist */,
			);
			path = GHFollowers;
			sourceTree = "<group>";
		};
		057AC06424369039001970E1 /* Views */ = {
			isa = PBXGroup;
			children = (
				057AC06B24369117001970E1 /* GFEmptyStateView.swift */,
			);
			path = Views;
			sourceTree = "<group>";
		};
		057AC06524369045001970E1 /* Buttons */ = {
			isa = PBXGroup;
			children = (
			);
			path = Buttons;
			sourceTree = "<group>";
		};
		057AC06624369055001970E1 /* TextFields */ = {
			isa = PBXGroup;
			children = (
			);
			path = TextFields;
			sourceTree = "<group>";
		};
		057AC06724369065001970E1 /* ImageViews */ = {
			isa = PBXGroup;
			children = (
			);
			path = ImageViews;
			sourceTree = "<group>";
		};
		057AC0682436907B001970E1 /* ViewControllers */ = {
			isa = PBXGroup;
			children = (
			);
			path = ViewControllers;
			sourceTree = "<group>";
		};
		057AC06A243690D8001970E1 /* Labels */ = {
			isa = PBXGroup;
			children = (
			);
			path = Labels;
			sourceTree = "<group>";
		};
		05C307AF23DE233500382F5B /* Models */ = {
			isa = PBXGroup;
			children = (
				05C307B023DE237A00382F5B /* Follower.swift */,
				05C307B223DE23A400382F5B /* User.swift */,
			);
			path = Models;
			sourceTree = "<group>";
		};
		05C307B423DE5A4800382F5B /* Utilities */ = {
			isa = PBXGroup;
			children = (
				05DB3C3F23C43E3600626C41 /* ErrorMessage.swift */,
				05EA37BF23FA32FB009C8676 /* UIHelper.swift */,
			);
			path = Utilities;
			sourceTree = "<group>";
		};
		05C307B523DE5A6900382F5B /* Managers */ = {
			isa = PBXGroup;
			children = (
				05C307AD23DE231800382F5B /* NetworkingManager.swift */,
			);
			path = Managers;
			sourceTree = "<group>";
		};
		05C307B623DE5A8E00382F5B /* Extensions */ = {
			isa = PBXGroup;
			children = (
				05C307BF23DE67E300382F5B /* UIVIewController+Ext.swift */,
			);
			path = Extensions;
			sourceTree = "<group>";
		};
		05C307B723DE5AA000382F5B /* CustomViews */ = {
			isa = PBXGroup;
			children = (
				057AC06A243690D8001970E1 /* Labels */,
				057AC0682436907B001970E1 /* ViewControllers */,
				057AC06724369065001970E1 /* ImageViews */,
				057AC06624369055001970E1 /* TextFields */,
				057AC06524369045001970E1 /* Buttons */,
				057AC06424369039001970E1 /* Views */,
				05C307B823DE5AD000382F5B /* Screens */,
				05C307C123DE6C1400382F5B /* Cells */,
				05BF53A223D52AB600C70AC8 /* GFButton.swift */,
				05BF53A423D52AF700C70AC8 /* GFTextField.swift */,
				05C307B923DE5BCB00382F5B /* GFAlertVC.swift */,
				05C307BB23DE5C0B00382F5B /* GFTitleLabel.swift */,
				05C307BD23DE5C3800382F5B /* GFBodyLabel.swift */,
				05C307C423DE6CBB00382F5B /* GFAvatarImageView.swift */,
			);
			path = CustomViews;
			sourceTree = "<group>";
		};
		05C307B823DE5AD000382F5B /* Screens */ = {
			isa = PBXGroup;
			children = (
				0522954C23C2B48200A19016 /* SearchViC.swift */,
				0522954E23C2B53C00A19016 /* FavoritesVC.swift */,
				05BF53A623D5389400C70AC8 /* FollowerListVC.swift */,
				0515B4E924394D5200FAA8D0 /* UserInfoVS.swift */,
			);
			path = Screens;
			sourceTree = "<group>";
		};
		05C307C123DE6C1400382F5B /* Cells */ = {
			isa = PBXGroup;
			children = (
				05C307C223DE6C8700382F5B /* FollowerCell.swift */,
			);
			path = Cells;
			sourceTree = "<group>";
		};
/* End PBXGroup section */

/* Begin PBXNativeTarget section */
		0522953423C2ACA100A19016 /* GHFollowers */ = {
			isa = PBXNativeTarget;
			buildConfigurationList = 0522954923C2ACA300A19016 /* Build configuration list for PBXNativeTarget "GHFollowers" */;
			buildPhases = (
				0522953123C2ACA100A19016 /* Sources */,
				0522953223C2ACA100A19016 /* Frameworks */,
				0522953323C2ACA100A19016 /* Resources */,
			);
			buildRules = (
			);
			dependencies = (
			);
			name = GHFollowers;
			productName = GHFollowers;
			productReference = 0522953523C2ACA100A19016 /* GHFollowers.app */;
			productType = "com.apple.product-type.application";
		};
/* End PBXNativeTarget section */

/* Begin PBXProject section */
		0522952D23C2ACA100A19016 /* Project object */ = {
			isa = PBXProject;
			attributes = {
				LastSwiftUpdateCheck = 1130;
				LastUpgradeCheck = 1130;
				ORGANIZATIONNAME = "Eugene Berezin";
				TargetAttributes = {
					0522953423C2ACA100A19016 = {
						CreatedOnToolsVersion = 11.3;
					};
				};
			};
			buildConfigurationList = 0522953023C2ACA100A19016 /* Build configuration list for PBXProject "GHFollowers" */;
			compatibilityVersion = "Xcode 9.3";
			developmentRegion = en;
			hasScannedForEncodings = 0;
			knownRegions = (
				en,
				Base,
			);
			mainGroup = 0522952C23C2ACA100A19016;
			productRefGroup = 0522953623C2ACA100A19016 /* Products */;
			projectDirPath = "";
			projectRoot = "";
			targets = (
				0522953423C2ACA100A19016 /* GHFollowers */,
			);
		};
/* End PBXProject section */

/* Begin PBXResourcesBuildPhase section */
		0522953323C2ACA100A19016 /* Resources */ = {
			isa = PBXResourcesBuildPhase;
			buildActionMask = 2147483647;
			files = (
				0522954523C2ACA300A19016 /* LaunchScreen.storyboard in Resources */,
				0522954223C2ACA300A19016 /* Assets.xcassets in Resources */,
			);
			runOnlyForDeploymentPostprocessing = 0;
		};
/* End PBXResourcesBuildPhase section */

/* Begin PBXSourcesBuildPhase section */
		0522953123C2ACA100A19016 /* Sources */ = {
			isa = PBXSourcesBuildPhase;
			buildActionMask = 2147483647;
			files = (
				0522954F23C2B53C00A19016 /* FavoritesVC.swift in Sources */,
				05C307B123DE237A00382F5B /* Follower.swift in Sources */,
				0522953923C2ACA100A19016 /* AppDelegate.swift in Sources */,
				0515B4EA24394D5200FAA8D0 /* UserInfoVS.swift in Sources */,
				05BF53A323D52AB600C70AC8 /* GFButton.swift in Sources */,
				05C307BA23DE5BCB00382F5B /* GFAlertVC.swift in Sources */,
				05EA37C023FA32FB009C8676 /* UIHelper.swift in Sources */,
				05C307C523DE6CBB00382F5B /* GFAvatarImageView.swift in Sources */,
				05C307BC23DE5C0B00382F5B /* GFTitleLabel.swift in Sources */,
				05DB3C4023C43E3600626C41 /* ErrorMessage.swift in Sources */,
				05C307C323DE6C8700382F5B /* FollowerCell.swift in Sources */,
				05C307C023DE67E300382F5B /* UIVIewController+Ext.swift in Sources */,
				0522953B23C2ACA100A19016 /* SceneDelegate.swift in Sources */,
				0522954D23C2B48200A19016 /* SearchViC.swift in Sources */,
				05C307AE23DE231800382F5B /* NetworkingManager.swift in Sources */,
				057AC06C24369117001970E1 /* GFEmptyStateView.swift in Sources */,
				05BF53A723D5389400C70AC8 /* FollowerListVC.swift in Sources */,
				05C307BE23DE5C3800382F5B /* GFBodyLabel.swift in Sources */,
				05BF53A523D52AF700C70AC8 /* GFTextField.swift in Sources */,
				05C307B323DE23A400382F5B /* User.swift in Sources */,
			);
			runOnlyForDeploymentPostprocessing = 0;
		};
/* End PBXSourcesBuildPhase section */

/* Begin PBXVariantGroup section */
		0522954323C2ACA300A19016 /* LaunchScreen.storyboard */ = {
			isa = PBXVariantGroup;
			children = (
				0522954423C2ACA300A19016 /* Base */,
			);
			name = LaunchScreen.storyboard;
			sourceTree = "<group>";
		};
/* End PBXVariantGroup section */

/* Begin XCBuildConfiguration section */
		0522954723C2ACA300A19016 /* Debug */ = {
			isa = XCBuildConfiguration;
			buildSettings = {
				ALWAYS_SEARCH_USER_PATHS = NO;
				CLANG_ANALYZER_NONNULL = YES;
				CLANG_ANALYZER_NUMBER_OBJECT_CONVERSION = YES_AGGRESSIVE;
				CLANG_CXX_LANGUAGE_STANDARD = "gnu++14";
				CLANG_CXX_LIBRARY = "libc++";
				CLANG_ENABLE_MODULES = YES;
				CLANG_ENABLE_OBJC_ARC = YES;
				CLANG_ENABLE_OBJC_WEAK = YES;
				CLANG_WARN_BLOCK_CAPTURE_AUTORELEASING = YES;
				CLANG_WARN_BOOL_CONVERSION = YES;
				CLANG_WARN_COMMA = YES;
				CLANG_WARN_CONSTANT_CONVERSION = YES;
				CLANG_WARN_DEPRECATED_OBJC_IMPLEMENTATIONS = YES;
				CLANG_WARN_DIRECT_OBJC_ISA_USAGE = YES_ERROR;
				CLANG_WARN_DOCUMENTATION_COMMENTS = YES;
				CLANG_WARN_EMPTY_BODY = YES;
				CLANG_WARN_ENUM_CONVERSION = YES;
				CLANG_WARN_INFINITE_RECURSION = YES;
				CLANG_WARN_INT_CONVERSION = YES;
				CLANG_WARN_NON_LITERAL_NULL_CONVERSION = YES;
				CLANG_WARN_OBJC_IMPLICIT_RETAIN_SELF = YES;
				CLANG_WARN_OBJC_LITERAL_CONVERSION = YES;
				CLANG_WARN_OBJC_ROOT_CLASS = YES_ERROR;
				CLANG_WARN_RANGE_LOOP_ANALYSIS = YES;
				CLANG_WARN_STRICT_PROTOTYPES = YES;
				CLANG_WARN_SUSPICIOUS_MOVE = YES;
				CLANG_WARN_UNGUARDED_AVAILABILITY = YES_AGGRESSIVE;
				CLANG_WARN_UNREACHABLE_CODE = YES;
				CLANG_WARN__DUPLICATE_METHOD_MATCH = YES;
				COPY_PHASE_STRIP = NO;
				DEBUG_INFORMATION_FORMAT = dwarf;
				ENABLE_STRICT_OBJC_MSGSEND = YES;
				ENABLE_TESTABILITY = YES;
				GCC_C_LANGUAGE_STANDARD = gnu11;
				GCC_DYNAMIC_NO_PIC = NO;
				GCC_NO_COMMON_BLOCKS = YES;
				GCC_OPTIMIZATION_LEVEL = 0;
				GCC_PREPROCESSOR_DEFINITIONS = (
					"DEBUG=1",
					"$(inherited)",
				);
				GCC_WARN_64_TO_32_BIT_CONVERSION = YES;
				GCC_WARN_ABOUT_RETURN_TYPE = YES_ERROR;
				GCC_WARN_UNDECLARED_SELECTOR = YES;
				GCC_WARN_UNINITIALIZED_AUTOS = YES_AGGRESSIVE;
				GCC_WARN_UNUSED_FUNCTION = YES;
				GCC_WARN_UNUSED_VARIABLE = YES;
				IPHONEOS_DEPLOYMENT_TARGET = 13.2;
				MTL_ENABLE_DEBUG_INFO = INCLUDE_SOURCE;
				MTL_FAST_MATH = YES;
				ONLY_ACTIVE_ARCH = YES;
				SDKROOT = iphoneos;
				SWIFT_ACTIVE_COMPILATION_CONDITIONS = DEBUG;
				SWIFT_OPTIMIZATION_LEVEL = "-Onone";
			};
			name = Debug;
		};
		0522954823C2ACA300A19016 /* Release */ = {
			isa = XCBuildConfiguration;
			buildSettings = {
				ALWAYS_SEARCH_USER_PATHS = NO;
				CLANG_ANALYZER_NONNULL = YES;
				CLANG_ANALYZER_NUMBER_OBJECT_CONVERSION = YES_AGGRESSIVE;
				CLANG_CXX_LANGUAGE_STANDARD = "gnu++14";
				CLANG_CXX_LIBRARY = "libc++";
				CLANG_ENABLE_MODULES = YES;
				CLANG_ENABLE_OBJC_ARC = YES;
				CLANG_ENABLE_OBJC_WEAK = YES;
				CLANG_WARN_BLOCK_CAPTURE_AUTORELEASING = YES;
				CLANG_WARN_BOOL_CONVERSION = YES;
				CLANG_WARN_COMMA = YES;
				CLANG_WARN_CONSTANT_CONVERSION = YES;
				CLANG_WARN_DEPRECATED_OBJC_IMPLEMENTATIONS = YES;
				CLANG_WARN_DIRECT_OBJC_ISA_USAGE = YES_ERROR;
				CLANG_WARN_DOCUMENTATION_COMMENTS = YES;
				CLANG_WARN_EMPTY_BODY = YES;
				CLANG_WARN_ENUM_CONVERSION = YES;
				CLANG_WARN_INFINITE_RECURSION = YES;
				CLANG_WARN_INT_CONVERSION = YES;
				CLANG_WARN_NON_LITERAL_NULL_CONVERSION = YES;
				CLANG_WARN_OBJC_IMPLICIT_RETAIN_SELF = YES;
				CLANG_WARN_OBJC_LITERAL_CONVERSION = YES;
				CLANG_WARN_OBJC_ROOT_CLASS = YES_ERROR;
				CLANG_WARN_RANGE_LOOP_ANALYSIS = YES;
				CLANG_WARN_STRICT_PROTOTYPES = YES;
				CLANG_WARN_SUSPICIOUS_MOVE = YES;
				CLANG_WARN_UNGUARDED_AVAILABILITY = YES_AGGRESSIVE;
				CLANG_WARN_UNREACHABLE_CODE = YES;
				CLANG_WARN__DUPLICATE_METHOD_MATCH = YES;
				COPY_PHASE_STRIP = NO;
				DEBUG_INFORMATION_FORMAT = "dwarf-with-dsym";
				ENABLE_NS_ASSERTIONS = NO;
				ENABLE_STRICT_OBJC_MSGSEND = YES;
				GCC_C_LANGUAGE_STANDARD = gnu11;
				GCC_NO_COMMON_BLOCKS = YES;
				GCC_WARN_64_TO_32_BIT_CONVERSION = YES;
				GCC_WARN_ABOUT_RETURN_TYPE = YES_ERROR;
				GCC_WARN_UNDECLARED_SELECTOR = YES;
				GCC_WARN_UNINITIALIZED_AUTOS = YES_AGGRESSIVE;
				GCC_WARN_UNUSED_FUNCTION = YES;
				GCC_WARN_UNUSED_VARIABLE = YES;
				IPHONEOS_DEPLOYMENT_TARGET = 13.2;
				MTL_ENABLE_DEBUG_INFO = NO;
				MTL_FAST_MATH = YES;
				SDKROOT = iphoneos;
				SWIFT_COMPILATION_MODE = wholemodule;
				SWIFT_OPTIMIZATION_LEVEL = "-O";
				VALIDATE_PRODUCT = YES;
			};
			name = Release;
		};
		0522954A23C2ACA300A19016 /* Debug */ = {
			isa = XCBuildConfiguration;
			buildSettings = {
				ASSETCATALOG_COMPILER_APPICON_NAME = AppIcon;
				CODE_SIGN_STYLE = Automatic;
				DEVELOPMENT_TEAM = JGX8KL9J9F;
				INFOPLIST_FILE = GHFollowers/Info.plist;
				LD_RUNPATH_SEARCH_PATHS = (
					"$(inherited)",
					"@executable_path/Frameworks",
				);
				PRODUCT_BUNDLE_IDENTIFIER = com.GitHubJobSearch.GHFollowers;
				PRODUCT_NAME = "$(TARGET_NAME)";
				SWIFT_VERSION = 5.0;
				TARGETED_DEVICE_FAMILY = 1;
			};
			name = Debug;
		};
		0522954B23C2ACA300A19016 /* Release */ = {
			isa = XCBuildConfiguration;
			buildSettings = {
				ASSETCATALOG_COMPILER_APPICON_NAME = AppIcon;
				CODE_SIGN_STYLE = Automatic;
				DEVELOPMENT_TEAM = JGX8KL9J9F;
				INFOPLIST_FILE = GHFollowers/Info.plist;
				LD_RUNPATH_SEARCH_PATHS = (
					"$(inherited)",
					"@executable_path/Frameworks",
				);
				PRODUCT_BUNDLE_IDENTIFIER = com.GitHubJobSearch.GHFollowers;
				PRODUCT_NAME = "$(TARGET_NAME)";
				SWIFT_VERSION = 5.0;
				TARGETED_DEVICE_FAMILY = 1;
			};
			name = Release;
		};
/* End XCBuildConfiguration section */

/* Begin XCConfigurationList section */
		0522953023C2ACA100A19016 /* Build configuration list for PBXProject "GHFollowers" */ = {
			isa = XCConfigurationList;
			buildConfigurations = (
				0522954723C2ACA300A19016 /* Debug */,
				0522954823C2ACA300A19016 /* Release */,
			);
			defaultConfigurationIsVisible = 0;
			defaultConfigurationName = Release;
		};
		0522954923C2ACA300A19016 /* Build configuration list for PBXNativeTarget "GHFollowers" */ = {
			isa = XCConfigurationList;
			buildConfigurations = (
				0522954A23C2ACA300A19016 /* Debug */,
				0522954B23C2ACA300A19016 /* Release */,
			);
			defaultConfigurationIsVisible = 0;
			defaultConfigurationName = Release;
		};
/* End XCConfigurationList section */
	};
	rootObject = 0522952D23C2ACA100A19016 /* Project object */;
}
